// !$*UTF8*$!
{
	archiveVersion = 1;
	classes = {
	};
	objectVersion = 46;
	objects = {

/* Begin PBXBuildFile section */
		DB8BE3BC1D47A4DB0071786F /* AppDelegate.swift in Sources */ = {isa = PBXBuildFile; fileRef = DB8BE3BB1D47A4DB0071786F /* AppDelegate.swift */; };
		DB8BE3BE1D47A4DB0071786F /* ViewController.swift in Sources */ = {isa = PBXBuildFile; fileRef = DB8BE3BD1D47A4DB0071786F /* ViewController.swift */; };
		DB8BE3C11D47A4DB0071786F /* Main.storyboard in Resources */ = {isa = PBXBuildFile; fileRef = DB8BE3BF1D47A4DB0071786F /* Main.storyboard */; };
		DB8BE3C31D47A4DB0071786F /* Assets.xcassets in Resources */ = {isa = PBXBuildFile; fileRef = DB8BE3C21D47A4DB0071786F /* Assets.xcassets */; };
		DB8BE3C61D47A4DB0071786F /* LaunchScreen.storyboard in Resources */ = {isa = PBXBuildFile; fileRef = DB8BE3C41D47A4DB0071786F /* LaunchScreen.storyboard */; };
		DB8BE3D11D47A4DB0071786F /* gitTestTests.swift in Sources */ = {isa = PBXBuildFile; fileRef = DB8BE3D01D47A4DB0071786F /* gitTestTests.swift */; };
/* End PBXBuildFile section */

/* Begin PBXContainerItemProxy section */
		DB8BE3CD1D47A4DB0071786F /* PBXContainerItemProxy */ = {
			isa = PBXContainerItemProxy;
			containerPortal = DB8BE3B01D47A4DB0071786F /* Project object */;
			proxyType = 1;
			remoteGlobalIDString = DB8BE3B71D47A4DB0071786F;
			remoteInfo = gitTest;
		};
/* End PBXContainerItemProxy section */

/* Begin PBXFileReference section */
		DB8BE3B81D47A4DB0071786F /* gitTest.app */ = {isa = PBXFileReference; explicitFileType = wrapper.application; includeInIndex = 0; path = gitTest.app; sourceTree = BUILT_PRODUCTS_DIR; };
		DB8BE3BB1D47A4DB0071786F /* AppDelegate.swift */ = {isa = PBXFileReference; lastKnownFileType = sourcecode.swift; path = AppDelegate.swift; sourceTree = "<group>"; };
		DB8BE3BD1D47A4DB0071786F /* ViewController.swift */ = {isa = PBXFileReference; lastKnownFileType = sourcecode.swift; path = ViewController.swift; sourceTree = "<group>"; };
		DB8BE3C01D47A4DB0071786F /* Base */ = {isa = PBXFileReference; lastKnownFileType = file.storyboard; name = Base; path = Base.lproj/Main.storyboard; sourceTree = "<group>"; };
		DB8BE3C21D47A4DB0071786F /* Assets.xcassets */ = {isa = PBXFileReference; lastKnownFileType = folder.assetcatalog; path = Assets.xcassets; sourceTree = "<group>"; };
		DB8BE3C51D47A4DB0071786F /* Base */ = {isa = PBXFileReference; lastKnownFileType = file.storyboard; name = Base; path = Base.lproj/LaunchScreen.storyboard; sourceTree = "<group>"; };
		DB8BE3C71D47A4DB0071786F /* Info.plist */ = {isa = PBXFileReference; lastKnownFileType = text.plist.xml; path = Info.plist; sourceTree = "<group>"; };
		DB8BE3CC1D47A4DB0071786F /* gitTestTests.xctest */ = {isa = PBXFileReference; explicitFileType = wrapper.cfbundle; includeInIndex = 0; path = gitTestTests.xctest; sourceTree = BUILT_PRODUCTS_DIR; };
		DB8BE3D01D47A4DB0071786F /* gitTestTests.swift */ = {isa = PBXFileReference; lastKnownFileType = sourcecode.swift; path = gitTestTests.swift; sourceTree = "<group>"; };
		DB8BE3D21D47A4DB0071786F /* Info.plist */ = {isa = PBXFileReference; lastKnownFileType = text.plist.xml; path = Info.plist; sourceTree = "<group>"; };
/* End PBXFileReference section */

/* Begin PBXFrameworksBuildPhase section */
		DB8BE3B51D47A4DB0071786F /* Frameworks */ = {
			isa = PBXFrameworksBuildPhase;
			buildActionMask = 2147483647;
			files = (
			);
			runOnlyForDeploymentPostprocessing = 0;
		};
		DB8BE3C91D47A4DB0071786F /* Frameworks */ = {
			isa = PBXFrameworksBuildPhase;
			buildActionMask = 2147483647;
			files = (
			);
			runOnlyForDeploymentPostprocessing = 0;
		};
/* End PBXFrameworksBuildPhase section */

/* Begin PBXGroup section */
		DB8BE3AF1D47A4DB0071786F = {
			isa = PBXGroup;
			children = (
				DB8BE3BA1D47A4DB0071786F /* gitTest */,
				DB8BE3CF1D47A4DB0071786F /* gitTestTests */,
				DB8BE3B91D47A4DB0071786F /* Products */,
			);
			sourceTree = "<group>";
		};
		DB8BE3B91D47A4DB0071786F /* Products */ = {
			isa = PBXGroup;
			children = (
				DB8BE3B81D47A4DB0071786F /* gitTest.app */,
				DB8BE3CC1D47A4DB0071786F /* gitTestTests.xctest */,
			);
			name = Products;
			sourceTree = "<group>";
		};
		DB8BE3BA1D47A4DB0071786F /* gitTest */ = {
			isa = PBXGroup;
			children = (
				DB8BE3BB1D47A4DB0071786F /* AppDelegate.swift */,
				DB8BE3BD1D47A4DB0071786F /* ViewController.swift */,
				DB8BE3BF1D47A4DB0071786F /* Main.storyboard */,
				DB8BE3C21D47A4DB0071786F /* Assets.xcassets */,
				DB8BE3C41D47A4DB0071786F /* LaunchScreen.storyboard */,
				DB8BE3C71D47A4DB0071786F /* Info.plist */,
			);
			path = gitTest;
			sourceTree = "<group>";
		};
		DB8BE3CF1D47A4DB0071786F /* gitTestTests */ = {
			isa = PBXGroup;
			children = (
				DB8BE3D01D47A4DB0071786F /* gitTestTests.swift */,
				DB8BE3D21D47A4DB0071786F /* Info.plist */,
			);
			path = gitTestTests;
			sourceTree = "<group>";
		};
/* End PBXGroup section */

/* Begin PBXNativeTarget section */
		DB8BE3B71D47A4DB0071786F /* gitTest */ = {
			isa = PBXNativeTarget;
			buildConfigurationList = DB8BE3D51D47A4DB0071786F /* Build configuration list for PBXNativeTarget "gitTest" */;
			buildPhases = (
				DB8BE3B41D47A4DB0071786F /* Sources */,
				DB8BE3B51D47A4DB0071786F /* Frameworks */,
				DB8BE3B61D47A4DB0071786F /* Resources */,
			);
			buildRules = (
			);
			dependencies = (
			);
			name = gitTest;
			productName = gitTest;
			productReference = DB8BE3B81D47A4DB0071786F /* gitTest.app */;
			productType = "com.apple.product-type.application";
		};
		DB8BE3CB1D47A4DB0071786F /* gitTestTests */ = {
			isa = PBXNativeTarget;
			buildConfigurationList = DB8BE3D81D47A4DB0071786F /* Build configuration list for PBXNativeTarget "gitTestTests" */;
			buildPhases = (
				DB8BE3C81D47A4DB0071786F /* Sources */,
				DB8BE3C91D47A4DB0071786F /* Frameworks */,
				DB8BE3CA1D47A4DB0071786F /* Resources */,
			);
			buildRules = (
			);
			dependencies = (
				DB8BE3CE1D47A4DB0071786F /* PBXTargetDependency */,
			);
			name = gitTestTests;
			productName = gitTestTests;
			productReference = DB8BE3CC1D47A4DB0071786F /* gitTestTests.xctest */;
			productType = "com.apple.product-type.bundle.unit-test";
		};
/* End PBXNativeTarget section */

/* Begin PBXProject section */
		DB8BE3B01D47A4DB0071786F /* Project object */ = {
			isa = PBXProject;
			attributes = {
				LastSwiftUpdateCheck = 0730;
				LastUpgradeCheck = 0730;
				ORGANIZATIONNAME = NN;
				TargetAttributes = {
					DB8BE3B71D47A4DB0071786F = {
						CreatedOnToolsVersion = 7.3.1;
						DevelopmentTeam = 2528VC5CE9;
					};
					DB8BE3CB1D47A4DB0071786F = {
						CreatedOnToolsVersion = 7.3.1;
						DevelopmentTeam = 2528VC5CE9;
						TestTargetID = DB8BE3B71D47A4DB0071786F;
					};
				};
			};
			buildConfigurationList = DB8BE3B31D47A4DB0071786F /* Build configuration list for PBXProject "gitTest" */;
			compatibilityVersion = "Xcode 3.2";
			developmentRegion = English;
			hasScannedForEncodings = 0;
			knownRegions = (
				en,
				Base,
			);
			mainGroup = DB8BE3AF1D47A4DB0071786F;
			productRefGroup = DB8BE3B91D47A4DB0071786F /* Products */;
			projectDirPath = "";
			projectRoot = "";
			targets = (
				DB8BE3B71D47A4DB0071786F /* gitTest */,
				DB8BE3CB1D47A4DB0071786F /* gitTestTests */,
			);
		};
/* End PBXProject section */

/* Begin PBXResourcesBuildPhase section */
		DB8BE3B61D47A4DB0071786F /* Resources */ = {
			isa = PBXResourcesBuildPhase;
			buildActionMask = 2147483647;
			files = (
				DB8BE3C61D47A4DB0071786F /* LaunchScreen.storyboard in Resources */,
				DB8BE3C31D47A4DB0071786F /* Assets.xcassets in Resources */,
				DB8BE3C11D47A4DB0071786F /* Main.storyboard in Resources */,
			);
			runOnlyForDeploymentPostprocessing = 0;
		};
		DB8BE3CA1D47A4DB0071786F /* Resources */ = {
			isa = PBXResourcesBuildPhase;
			buildActionMask = 2147483647;
			files = (
			);
			runOnlyForDeploymentPostprocessing = 0;
		};
/* End PBXResourcesBuildPhase section */

/* Begin PBXSourcesBuildPhase section */
		DB8BE3B41D47A4DB0071786F /* Sources */ = {
			isa = PBXSourcesBuildPhase;
			buildActionMask = 2147483647;
			files = (
				DB8BE3BE1D47A4DB0071786F /* ViewController.swift in Sources */,
				DB8BE3BC1D47A4DB0071786F /* AppDelegate.swift in Sources */,
			);
			runOnlyForDeploymentPostprocessing = 0;
		};
		DB8BE3C81D47A4DB0071786F /* Sources */ = {
			isa = PBXSourcesBuildPhase;
			buildActionMask = 2147483647;
			files = (
				DB8BE3D11D47A4DB0071786F /* gitTestTests.swift in Sources */,
			);
			runOnlyForDeploymentPostprocessing = 0;
		};
/* End PBXSourcesBuildPhase section */

/* Begin PBXTargetDependency section */
		DB8BE3CE1D47A4DB0071786F /* PBXTargetDependency */ = {
			isa = PBXTargetDependency;
			target = DB8BE3B71D47A4DB0071786F /* gitTest */;
			targetProxy = DB8BE3CD1D47A4DB0071786F /* PBXContainerItemProxy */;
		};
/* End PBXTargetDependency section */

/* Begin PBXVariantGroup section */
		DB8BE3BF1D47A4DB0071786F /* Main.storyboard */ = {
			isa = PBXVariantGroup;
			children = (
				DB8BE3C01D47A4DB0071786F /* Base */,
			);
			name = Main.storyboard;
			sourceTree = "<group>";
		};
		DB8BE3C41D47A4DB0071786F /* LaunchScreen.storyboard */ = {
			isa = PBXVariantGroup;
			children = (
				DB8BE3C51D47A4DB0071786F /* Base */,
			);
			name = LaunchScreen.storyboard;
			sourceTree = "<group>";
		};
/* End PBXVariantGroup section */

/* Begin XCBuildConfiguration section */
		DB8BE3D31D47A4DB0071786F /* Debug */ = {
			isa = XCBuildConfiguration;
			buildSettings = {
				ALWAYS_SEARCH_USER_PATHS = NO;
				CLANG_ANALYZER_NONNULL = YES;
				CLANG_CXX_LANGUAGE_STANDARD = "gnu++0x";
				CLANG_CXX_LIBRARY = "libc++";
				CLANG_ENABLE_MODULES = YES;
				CLANG_ENABLE_OBJC_ARC = YES;
				CLANG_WARN_BOOL_CONVERSION = YES;
				CLANG_WARN_CONSTANT_CONVERSION = YES;
				CLANG_WARN_DIRECT_OBJC_ISA_USAGE = YES_ERROR;
				CLANG_WARN_EMPTY_BODY = YES;
				CLANG_WARN_ENUM_CONVERSION = YES;
				CLANG_WARN_INT_CONVERSION = YES;
				CLANG_WARN_OBJC_ROOT_CLASS = YES_ERROR;
				CLANG_WARN_UNREACHABLE_CODE = YES;
				CLANG_WARN__DUPLICATE_METHOD_MATCH = YES;
				"CODE_SIGN_IDENTITY[sdk=iphoneos*]" = "iPhone Developer";
				COPY_PHASE_STRIP = NO;
				DEBUG_INFORMATION_FORMAT = dwarf;
				ENABLE_STRICT_OBJC_MSGSEND = YES;
				ENABLE_TESTABILITY = YES;
				GCC_C_LANGUAGE_STANDARD = gnu99;
				GCC_DYNAMIC_NO_PIC = NO;
				GCC_NO_COMMON_BLOCKS = YES;
				GCC_OPTIMIZATION_LEVEL = 0;
				GCC_PREPROCESSOR_DEFINITIONS = (
					"DEBUG=1",
					"$(inherited)",
				);
				GCC_WARN_64_TO_32_BIT_CONVERSION = YES;
				GCC_WARN_ABOUT_RETURN_TYPE = YES_ERROR;
				GCC_WARN_UNDECLARED_SELECTOR = YES;
				GCC_WARN_UNINITIALIZED_AUTOS = YES_AGGRESSIVE;
				GCC_WARN_UNUSED_FUNCTION = YES;
				GCC_WARN_UNUSED_VARIABLE = YES;
				IPHONEOS_DEPLOYMENT_TARGET = 9.3;
				MTL_ENABLE_DEBUG_INFO = YES;
				ONLY_ACTIVE_ARCH = YES;
				SDKROOT = iphoneos;
				SWIFT_OPTIMIZATION_LEVEL = "-Onone";
			};
			name = Debug;
		};
		DB8BE3D41D47A4DB0071786F /* Release */ = {
			isa = XCBuildConfiguration;
			buildSettings = {
				ALWAYS_SEARCH_USER_PATHS = NO;
				CLANG_ANALYZER_NONNULL = YES;
				CLANG_CXX_LANGUAGE_STANDARD = "gnu++0x";
				CLANG_CXX_LIBRARY = "libc++";
				CLANG_ENABLE_MODULES = YES;
				CLANG_ENABLE_OBJC_ARC = YES;
				CLANG_WARN_BOOL_CONVERSION = YES;
				CLANG_WARN_CONSTANT_CONVERSION = YES;
				CLANG_WARN_DIRECT_OBJC_ISA_USAGE = YES_ERROR;
				CLANG_WARN_EMPTY_BODY = YES;
				CLANG_WARN_ENUM_CONVERSION = YES;
				CLANG_WARN_INT_CONVERSION = YES;
				CLANG_WARN_OBJC_ROOT_CLASS = YES_ERROR;
				CLANG_WARN_UNREACHABLE_CODE = YES;
				CLANG_WARN__DUPLICATE_METHOD_MATCH = YES;
				"CODE_SIGN_IDENTITY[sdk=iphoneos*]" = "iPhone Developer";
				COPY_PHASE_STRIP = NO;
				DEBUG_INFORMATION_FORMAT = "dwarf-with-dsym";
				ENABLE_NS_ASSERTIONS = NO;
				ENABLE_STRICT_OBJC_MSGSEND = YES;
				GCC_C_LANGUAGE_STANDARD = gnu99;
				GCC_NO_COMMON_BLOCKS = YES;
				GCC_WARN_64_TO_32_BIT_CONVERSION = YES;
				GCC_WARN_ABOUT_RETURN_TYPE = YES_ERROR;
				GCC_WARN_UNDECLARED_SELECTOR = YES;
				GCC_WARN_UNINITIALIZED_AUTOS = YES_AGGRESSIVE;
				GCC_WARN_UNUSED_FUNCTION = YES;
				GCC_WARN_UNUSED_VARIABLE = YES;
				IPHONEOS_DEPLOYMENT_TARGET = 9.3;
				MTL_ENABLE_DEBUG_INFO = NO;
				SDKROOT = iphoneos;
				VALIDATE_PRODUCT = YES;
			};
			name = Release;
		};
		DB8BE3D61D47A4DB0071786F /* Debug */ = {
			isa = XCBuildConfiguration;
			buildSettings = {
				ASSETCATALOG_COMPILER_APPICON_NAME = AppIcon;
				INFOPLIST_FILE = gitTest/Info.plist;
				LD_RUNPATH_SEARCH_PATHS = "$(inherited) @executable_path/Frameworks";
				PRODUCT_BUNDLE_IDENTIFIER = com.thinkofsomethingclever.gitTest;
				PRODUCT_NAME = "$(TARGET_NAME)";
			};
			name = Debug;
		};
		DB8BE3D71D47A4DB0071786F /* Release */ = {
			isa = XCBuildConfiguration;
			buildSettings = {
				ASSETCATALOG_COMPILER_APPICON_NAME = AppIcon;
				INFOPLIST_FILE = gitTest/Info.plist;
				LD_RUNPATH_SEARCH_PATHS = "$(inherited) @executable_path/Frameworks";
				PRODUCT_BUNDLE_IDENTIFIER = com.thinkofsomethingclever.gitTest;
				PRODUCT_NAME = "$(TARGET_NAME)";
			};
			name = Release;
		};
		DB8BE3D91D47A4DB0071786F /* Debug */ = {
			isa = XCBuildConfiguration;
			buildSettings = {
				BUNDLE_LOADER = "$(TEST_HOST)";
				INFOPLIST_FILE = gitTestTests/Info.plist;
				LD_RUNPATH_SEARCH_PATHS = "$(inherited) @executable_path/Frameworks @loader_path/Frameworks";
				PRODUCT_BUNDLE_IDENTIFIER = com.thinkofsomethingclever.gitTestTests;
				PRODUCT_NAME = "$(TARGET_NAME)";
				TEST_HOST = "$(BUILT_PRODUCTS_DIR)/gitTest.app/gitTest";
			};
			name = Debug;
		};
		DB8BE3DA1D47A4DB0071786F /* Release */ = {
			isa = XCBuildConfiguration;
			buildSettings = {
				BUNDLE_LOADER = "$(TEST_HOST)";
				INFOPLIST_FILE = gitTestTests/Info.plist;
				LD_RUNPATH_SEARCH_PATHS = "$(inherited) @executable_path/Frameworks @loader_path/Frameworks";
				PRODUCT_BUNDLE_IDENTIFIER = com.thinkofsomethingclever.gitTestTests;
				PRODUCT_NAME = "$(TARGET_NAME)";
				TEST_HOST = "$(BUILT_PRODUCTS_DIR)/gitTest.app/gitTest";
			};
			name = Release;
		};
/* End XCBuildConfiguration section */

/* Begin XCConfigurationList section */
		DB8BE3B31D47A4DB0071786F /* Build configuration list for PBXProject "gitTest" */ = {
			isa = XCConfigurationList;
			buildConfigurations = (
				DB8BE3D31D47A4DB0071786F /* Debug */,
				DB8BE3D41D47A4DB0071786F /* Release */,
			);
			defaultConfigurationIsVisible = 0;
			defaultConfigurationName = Release;
		};
		DB8BE3D51D47A4DB0071786F /* Build configuration list for PBXNativeTarget "gitTest" */ = {
			isa = XCConfigurationList;
			buildConfigurations = (
				DB8BE3D61D47A4DB0071786F /* Debug */,
				DB8BE3D71D47A4DB0071786F /* Release */,
			);
			defaultConfigurationIsVisible = 0;
		};
		DB8BE3D81D47A4DB0071786F /* Build configuration list for PBXNativeTarget "gitTestTests" */ = {
			isa = XCConfigurationList;
			buildConfigurations = (
				DB8BE3D91D47A4DB0071786F /* Debug */,
				DB8BE3DA1D47A4DB0071786F /* Release */,
			);
			defaultConfigurationIsVisible = 0;
		};
/* End XCConfigurationList section */
	};
	rootObject = DB8BE3B01D47A4DB0071786F /* Project object */;
}
